// !$*UTF8*$!
{
	archiveVersion = 1;
	classes = {
	};
	objectVersion = 56;
	objects = {

/* Begin PBXBuildFile section */
		0A6795302945EC0A006EC8B2 /* SearchPresenter.swift in Sources */ = {isa = PBXBuildFile; fileRef = 0A67952A2945EC0A006EC8B2 /* SearchPresenter.swift */; };
		0A6795312945EC0A006EC8B2 /* SearchWorker.swift in Sources */ = {isa = PBXBuildFile; fileRef = 0A67952B2945EC0A006EC8B2 /* SearchWorker.swift */; };
		0A6795322945EC0A006EC8B2 /* SearchRouter.swift in Sources */ = {isa = PBXBuildFile; fileRef = 0A67952C2945EC0A006EC8B2 /* SearchRouter.swift */; };
		0A6795332945EC0A006EC8B2 /* SearchModels.swift in Sources */ = {isa = PBXBuildFile; fileRef = 0A67952D2945EC0A006EC8B2 /* SearchModels.swift */; };
		0A6795342945EC0A006EC8B2 /* SearchViewController.swift in Sources */ = {isa = PBXBuildFile; fileRef = 0A67952E2945EC0A006EC8B2 /* SearchViewController.swift */; };
		0A6795352945EC0A006EC8B2 /* SearchInteractor.swift in Sources */ = {isa = PBXBuildFile; fileRef = 0A67952F2945EC0A006EC8B2 /* SearchInteractor.swift */; };
		0A67953D29460496006EC8B2 /* SearchViewController.storyboard in Resources */ = {isa = PBXBuildFile; fileRef = 0A67953C29460496006EC8B2 /* SearchViewController.storyboard */; };
		0A67953F2946080D006EC8B2 /* UIViewController + StoryBoard.swift in Sources */ = {isa = PBXBuildFile; fileRef = 0A67953E2946080D006EC8B2 /* UIViewController + StoryBoard.swift */; };
		0A7183E5295010F400A08D40 /* TrackDetailView.xib in Resources */ = {isa = PBXBuildFile; fileRef = 0A7183E4295010F400A08D40 /* TrackDetailView.xib */; };
		0A927276294CEE65000C1015 /* FooterView.swift in Sources */ = {isa = PBXBuildFile; fileRef = 0A927275294CEE65000C1015 /* FooterView.swift */; };
		0A92727B294CF7D5000C1015 /* TrackDetailView.swift in Sources */ = {isa = PBXBuildFile; fileRef = 0A92727A294CF7D5000C1015 /* TrackDetailView.swift */; };
		0A9E7724294CDE9F00CFC0B5 /* TrackCell.xib in Resources */ = {isa = PBXBuildFile; fileRef = 0A9E7723294CDE9F00CFC0B5 /* TrackCell.xib */; };
		0A9E7726294CDEAF00CFC0B5 /* TrackCell.swift in Sources */ = {isa = PBXBuildFile; fileRef = 0A9E7725294CDEAF00CFC0B5 /* TrackCell.swift */; };
		0ACCFEE92945BA8B000C3103 /* SearchResponse.swift in Sources */ = {isa = PBXBuildFile; fileRef = 0ACCFEE82945BA8B000C3103 /* SearchResponse.swift */; };
		0ACCFEEB2945E0B0000C3103 /* NetworkService.swift in Sources */ = {isa = PBXBuildFile; fileRef = 0ACCFEEA2945E0B0000C3103 /* NetworkService.swift */; };
		0ADA9D252951629B00F70209 /* CMTime + Extension.swift in Sources */ = {isa = PBXBuildFile; fileRef = 0ADA9D242951629B00F70209 /* CMTime + Extension.swift */; };
		0ADA9D27295204F000F70209 /* Nib.swift in Sources */ = {isa = PBXBuildFile; fileRef = 0ADA9D26295204F000F70209 /* Nib.swift */; };
		0ADA9D292955AA9D00F70209 /* Library.swift in Sources */ = {isa = PBXBuildFile; fileRef = 0ADA9D282955AA9D00F70209 /* Library.swift */; };
		0AE415AD2944F8AD005534E3 /* AppDelegate.swift in Sources */ = {isa = PBXBuildFile; fileRef = 0AE415AC2944F8AD005534E3 /* AppDelegate.swift */; };
		0AE415AF2944F8AD005534E3 /* SceneDelegate.swift in Sources */ = {isa = PBXBuildFile; fileRef = 0AE415AE2944F8AD005534E3 /* SceneDelegate.swift */; };
		0AE415B42944F8AD005534E3 /* Main.storyboard in Resources */ = {isa = PBXBuildFile; fileRef = 0AE415B22944F8AD005534E3 /* Main.storyboard */; };
		0AE415B62944F8AF005534E3 /* Assets.xcassets in Resources */ = {isa = PBXBuildFile; fileRef = 0AE415B52944F8AF005534E3 /* Assets.xcassets */; };
		0AE415B92944F8AF005534E3 /* LaunchScreen.storyboard in Resources */ = {isa = PBXBuildFile; fileRef = 0AE415B72944F8AF005534E3 /* LaunchScreen.storyboard */; };
		0AE415C12944F8FC005534E3 /* MainTabBarController.swift in Sources */ = {isa = PBXBuildFile; fileRef = 0AE415C02944F8FC005534E3 /* MainTabBarController.swift */; };
		0AE415C32944F9FA005534E3 /* SearchMusicViewController.swift in Sources */ = {isa = PBXBuildFile; fileRef = 0AE415C22944F9FA005534E3 /* SearchMusicViewController.swift */; };
		0AE415C52944FA7E005534E3 /* LibraryViewController.swift in Sources */ = {isa = PBXBuildFile; fileRef = 0AE415C42944FA7E005534E3 /* LibraryViewController.swift */; };
		5273F83D95A3F6F898DEC75F /* Pods_MyMusic.framework in Frameworks */ = {isa = PBXBuildFile; fileRef = A6C55316C98477F815DE4A95 /* Pods_MyMusic.framework */; };
/* End PBXBuildFile section */

/* Begin PBXFileReference section */
		0A67952A2945EC0A006EC8B2 /* SearchPresenter.swift */ = {isa = PBXFileReference; lastKnownFileType = sourcecode.swift; path = SearchPresenter.swift; sourceTree = "<group>"; };
		0A67952B2945EC0A006EC8B2 /* SearchWorker.swift */ = {isa = PBXFileReference; lastKnownFileType = sourcecode.swift; path = SearchWorker.swift; sourceTree = "<group>"; };
		0A67952C2945EC0A006EC8B2 /* SearchRouter.swift */ = {isa = PBXFileReference; lastKnownFileType = sourcecode.swift; path = SearchRouter.swift; sourceTree = "<group>"; };
		0A67952D2945EC0A006EC8B2 /* SearchModels.swift */ = {isa = PBXFileReference; lastKnownFileType = sourcecode.swift; path = SearchModels.swift; sourceTree = "<group>"; };
		0A67952E2945EC0A006EC8B2 /* SearchViewController.swift */ = {isa = PBXFileReference; lastKnownFileType = sourcecode.swift; path = SearchViewController.swift; sourceTree = "<group>"; };
		0A67952F2945EC0A006EC8B2 /* SearchInteractor.swift */ = {isa = PBXFileReference; lastKnownFileType = sourcecode.swift; path = SearchInteractor.swift; sourceTree = "<group>"; };
		0A67953C29460496006EC8B2 /* SearchViewController.storyboard */ = {isa = PBXFileReference; lastKnownFileType = file.storyboard; path = SearchViewController.storyboard; sourceTree = "<group>"; };
		0A67953E2946080D006EC8B2 /* UIViewController + StoryBoard.swift */ = {isa = PBXFileReference; lastKnownFileType = sourcecode.swift; path = "UIViewController + StoryBoard.swift"; sourceTree = "<group>"; };
		0A7183E4295010F400A08D40 /* TrackDetailView.xib */ = {isa = PBXFileReference; lastKnownFileType = file.xib; path = TrackDetailView.xib; sourceTree = "<group>"; };
		0A927275294CEE65000C1015 /* FooterView.swift */ = {isa = PBXFileReference; lastKnownFileType = sourcecode.swift; path = FooterView.swift; sourceTree = "<group>"; };
		0A92727A294CF7D5000C1015 /* TrackDetailView.swift */ = {isa = PBXFileReference; lastKnownFileType = sourcecode.swift; path = TrackDetailView.swift; sourceTree = "<group>"; };
		0A9E7723294CDE9F00CFC0B5 /* TrackCell.xib */ = {isa = PBXFileReference; lastKnownFileType = file.xib; path = TrackCell.xib; sourceTree = "<group>"; };
		0A9E7725294CDEAF00CFC0B5 /* TrackCell.swift */ = {isa = PBXFileReference; lastKnownFileType = sourcecode.swift; path = TrackCell.swift; sourceTree = "<group>"; };
		0ACCFEE82945BA8B000C3103 /* SearchResponse.swift */ = {isa = PBXFileReference; lastKnownFileType = sourcecode.swift; path = SearchResponse.swift; sourceTree = "<group>"; };
		0ACCFEEA2945E0B0000C3103 /* NetworkService.swift */ = {isa = PBXFileReference; lastKnownFileType = sourcecode.swift; path = NetworkService.swift; sourceTree = "<group>"; };
		0ADA9D242951629B00F70209 /* CMTime + Extension.swift */ = {isa = PBXFileReference; lastKnownFileType = sourcecode.swift; path = "CMTime + Extension.swift"; sourceTree = "<group>"; };
		0ADA9D26295204F000F70209 /* Nib.swift */ = {isa = PBXFileReference; lastKnownFileType = sourcecode.swift; path = Nib.swift; sourceTree = "<group>"; };
		0ADA9D282955AA9D00F70209 /* Library.swift */ = {isa = PBXFileReference; lastKnownFileType = sourcecode.swift; path = Library.swift; sourceTree = "<group>"; };
		0AE415A92944F8AD005534E3 /* MyMusic.app */ = {isa = PBXFileReference; explicitFileType = wrapper.application; includeInIndex = 0; path = MyMusic.app; sourceTree = BUILT_PRODUCTS_DIR; };
		0AE415AC2944F8AD005534E3 /* AppDelegate.swift */ = {isa = PBXFileReference; lastKnownFileType = sourcecode.swift; path = AppDelegate.swift; sourceTree = "<group>"; };
		0AE415AE2944F8AD005534E3 /* SceneDelegate.swift */ = {isa = PBXFileReference; lastKnownFileType = sourcecode.swift; path = SceneDelegate.swift; sourceTree = "<group>"; };
		0AE415B32944F8AD005534E3 /* Base */ = {isa = PBXFileReference; lastKnownFileType = file.storyboard; name = Base; path = Base.lproj/Main.storyboard; sourceTree = "<group>"; };
		0AE415B52944F8AF005534E3 /* Assets.xcassets */ = {isa = PBXFileReference; lastKnownFileType = folder.assetcatalog; path = Assets.xcassets; sourceTree = "<group>"; };
		0AE415B82944F8AF005534E3 /* Base */ = {isa = PBXFileReference; lastKnownFileType = file.storyboard; name = Base; path = Base.lproj/LaunchScreen.storyboard; sourceTree = "<group>"; };
		0AE415BA2944F8AF005534E3 /* Info.plist */ = {isa = PBXFileReference; lastKnownFileType = text.plist.xml; path = Info.plist; sourceTree = "<group>"; };
		0AE415C02944F8FC005534E3 /* MainTabBarController.swift */ = {isa = PBXFileReference; lastKnownFileType = sourcecode.swift; path = MainTabBarController.swift; sourceTree = "<group>"; };
		0AE415C22944F9FA005534E3 /* SearchMusicViewController.swift */ = {isa = PBXFileReference; lastKnownFileType = sourcecode.swift; path = SearchMusicViewController.swift; sourceTree = "<group>"; };
		0AE415C42944FA7E005534E3 /* LibraryViewController.swift */ = {isa = PBXFileReference; lastKnownFileType = sourcecode.swift; path = LibraryViewController.swift; sourceTree = "<group>"; };
		A6C55316C98477F815DE4A95 /* Pods_MyMusic.framework */ = {isa = PBXFileReference; explicitFileType = wrapper.framework; includeInIndex = 0; path = Pods_MyMusic.framework; sourceTree = BUILT_PRODUCTS_DIR; };
		F358FA86CFB8278C5E4A1DB9 /* Pods-MyMusic.release.xcconfig */ = {isa = PBXFileReference; includeInIndex = 1; lastKnownFileType = text.xcconfig; name = "Pods-MyMusic.release.xcconfig"; path = "Target Support Files/Pods-MyMusic/Pods-MyMusic.release.xcconfig"; sourceTree = "<group>"; };
		FFD965BFD3E58E98D368006C /* Pods-MyMusic.debug.xcconfig */ = {isa = PBXFileReference; includeInIndex = 1; lastKnownFileType = text.xcconfig; name = "Pods-MyMusic.debug.xcconfig"; path = "Target Support Files/Pods-MyMusic/Pods-MyMusic.debug.xcconfig"; sourceTree = "<group>"; };
/* End PBXFileReference section */

/* Begin PBXFrameworksBuildPhase section */
		0AE415A62944F8AD005534E3 /* Frameworks */ = {
			isa = PBXFrameworksBuildPhase;
			buildActionMask = 2147483647;
			files = (
				5273F83D95A3F6F898DEC75F /* Pods_MyMusic.framework in Frameworks */,
			);
			runOnlyForDeploymentPostprocessing = 0;
		};
/* End PBXFrameworksBuildPhase section */

/* Begin PBXGroup section */
		0A67951C2945EA8F006EC8B2 /* Search */ = {
			isa = PBXGroup;
			children = (
				0A927277294CF78B000C1015 /* TrackDetailView */,
				0A927274294CEE4A000C1015 /* FooterView */,
				0A9E7722294CDE8F00CFC0B5 /* Cell */,
				0A67953C29460496006EC8B2 /* SearchViewController.storyboard */,
				0A67952E2945EC0A006EC8B2 /* SearchViewController.swift */,
				0A67952F2945EC0A006EC8B2 /* SearchInteractor.swift */,
				0A67952A2945EC0A006EC8B2 /* SearchPresenter.swift */,
				0A67952D2945EC0A006EC8B2 /* SearchModels.swift */,
				0A67952B2945EC0A006EC8B2 /* SearchWorker.swift */,
				0A67952C2945EC0A006EC8B2 /* SearchRouter.swift */,
			);
			path = Search;
			sourceTree = "<group>";
		};
		0A6795292945EB4E006EC8B2 /* Services */ = {
			isa = PBXGroup;
			children = (
				0ACCFEEA2945E0B0000C3103 /* NetworkService.swift */,
				0A9E7727294CE59700CFC0B5 /* Models */,
			);
			path = Services;
			sourceTree = "<group>";
		};
		0A67954029460819006EC8B2 /* Helpers */ = {
			isa = PBXGroup;
			children = (
				0A67953E2946080D006EC8B2 /* UIViewController + StoryBoard.swift */,
				0ADA9D242951629B00F70209 /* CMTime + Extension.swift */,
				0ADA9D26295204F000F70209 /* Nib.swift */,
			);
			path = Helpers;
			sourceTree = "<group>";
		};
		0A67954129464F7C006EC8B2 /* SupportingFiles */ = {
			isa = PBXGroup;
			children = (
				0AE415B52944F8AF005534E3 /* Assets.xcassets */,
				0AE415B72944F8AF005534E3 /* LaunchScreen.storyboard */,
				0AE415BA2944F8AF005534E3 /* Info.plist */,
			);
			path = SupportingFiles;
			sourceTree = "<group>";
		};
		0A927274294CEE4A000C1015 /* FooterView */ = {
			isa = PBXGroup;
			children = (
				0A927275294CEE65000C1015 /* FooterView.swift */,
			);
			path = FooterView;
			sourceTree = "<group>";
		};
		0A927277294CF78B000C1015 /* TrackDetailView */ = {
			isa = PBXGroup;
			children = (
				0A92727A294CF7D5000C1015 /* TrackDetailView.swift */,
				0A7183E4295010F400A08D40 /* TrackDetailView.xib */,
			);
			path = TrackDetailView;
			sourceTree = "<group>";
		};
		0A9E7722294CDE8F00CFC0B5 /* Cell */ = {
			isa = PBXGroup;
			children = (
				0A9E7723294CDE9F00CFC0B5 /* TrackCell.xib */,
				0A9E7725294CDEAF00CFC0B5 /* TrackCell.swift */,
			);
			path = Cell;
			sourceTree = "<group>";
		};
		0A9E7727294CE59700CFC0B5 /* Models */ = {
			isa = PBXGroup;
			children = (
				0ACCFEE82945BA8B000C3103 /* SearchResponse.swift */,
			);
			path = Models;
			sourceTree = "<group>";
		};
		0ACCFEE72945BA0D000C3103 /* Application */ = {
			isa = PBXGroup;
			children = (
				0AE415AC2944F8AD005534E3 /* AppDelegate.swift */,
				0AE415AE2944F8AD005534E3 /* SceneDelegate.swift */,
			);
			path = Application;
			sourceTree = "<group>";
		};
		0AE415A02944F8AD005534E3 = {
			isa = PBXGroup;
			children = (
				0AE415AB2944F8AD005534E3 /* MyMusic */,
				0AE415AA2944F8AD005534E3 /* Products */,
				32F7C3C225A75DCAA8CA2AB5 /* Pods */,
				C4E57D5E1DD0F7C895CE3BE7 /* Frameworks */,
			);
			sourceTree = "<group>";
		};
		0AE415AA2944F8AD005534E3 /* Products */ = {
			isa = PBXGroup;
			children = (
				0AE415A92944F8AD005534E3 /* MyMusic.app */,
			);
			name = Products;
			sourceTree = "<group>";
		};
		0AE415AB2944F8AD005534E3 /* MyMusic */ = {
			isa = PBXGroup;
			children = (
				0ACCFEE72945BA0D000C3103 /* Application */,
				0A6795292945EB4E006EC8B2 /* Services */,
				0A67951C2945EA8F006EC8B2 /* Search */,
				0A67954029460819006EC8B2 /* Helpers */,
				0AE415B22944F8AD005534E3 /* Main.storyboard */,
				0AE415C02944F8FC005534E3 /* MainTabBarController.swift */,
				0AE415C22944F9FA005534E3 /* SearchMusicViewController.swift */,
				0AE415C42944FA7E005534E3 /* LibraryViewController.swift */,
				0ADA9D282955AA9D00F70209 /* Library.swift */,
				0A67954129464F7C006EC8B2 /* SupportingFiles */,
			);
			path = MyMusic;
			sourceTree = "<group>";
		};
		32F7C3C225A75DCAA8CA2AB5 /* Pods */ = {
			isa = PBXGroup;
			children = (
				FFD965BFD3E58E98D368006C /* Pods-MyMusic.debug.xcconfig */,
				F358FA86CFB8278C5E4A1DB9 /* Pods-MyMusic.release.xcconfig */,
			);
			path = Pods;
			sourceTree = "<group>";
		};
		C4E57D5E1DD0F7C895CE3BE7 /* Frameworks */ = {
			isa = PBXGroup;
			children = (
				A6C55316C98477F815DE4A95 /* Pods_MyMusic.framework */,
			);
			name = Frameworks;
			sourceTree = "<group>";
		};
/* End PBXGroup section */

/* Begin PBXNativeTarget section */
		0AE415A82944F8AD005534E3 /* MyMusic */ = {
			isa = PBXNativeTarget;
			buildConfigurationList = 0AE415BD2944F8AF005534E3 /* Build configuration list for PBXNativeTarget "MyMusic" */;
			buildPhases = (
				93771C0FB3474965C05CFD0A /* [CP] Check Pods Manifest.lock */,
				0AE415A52944F8AD005534E3 /* Sources */,
				0AE415A62944F8AD005534E3 /* Frameworks */,
				0AE415A72944F8AD005534E3 /* Resources */,
				BE3BD3D32F6E59CA212F6A74 /* [CP] Embed Pods Frameworks */,
			);
			buildRules = (
			);
			dependencies = (
			);
			name = MyMusic;
			productName = MyMusic;
			productReference = 0AE415A92944F8AD005534E3 /* MyMusic.app */;
			productType = "com.apple.product-type.application";
		};
/* End PBXNativeTarget section */

/* Begin PBXProject section */
		0AE415A12944F8AD005534E3 /* Project object */ = {
			isa = PBXProject;
			attributes = {
				BuildIndependentTargetsInParallel = 1;
				LastSwiftUpdateCheck = 1410;
				LastUpgradeCheck = 1410;
				TargetAttributes = {
					0AE415A82944F8AD005534E3 = {
						CreatedOnToolsVersion = 14.1;
					};
				};
			};
			buildConfigurationList = 0AE415A42944F8AD005534E3 /* Build configuration list for PBXProject "MyMusic" */;
			compatibilityVersion = "Xcode 14.0";
			developmentRegion = en;
			hasScannedForEncodings = 0;
			knownRegions = (
				en,
				Base,
			);
			mainGroup = 0AE415A02944F8AD005534E3;
			productRefGroup = 0AE415AA2944F8AD005534E3 /* Products */;
			projectDirPath = "";
			projectRoot = "";
			targets = (
				0AE415A82944F8AD005534E3 /* MyMusic */,
			);
		};
/* End PBXProject section */

/* Begin PBXResourcesBuildPhase section */
		0AE415A72944F8AD005534E3 /* Resources */ = {
			isa = PBXResourcesBuildPhase;
			buildActionMask = 2147483647;
			files = (
				0AE415B92944F8AF005534E3 /* LaunchScreen.storyboard in Resources */,
				0A7183E5295010F400A08D40 /* TrackDetailView.xib in Resources */,
				0A9E7724294CDE9F00CFC0B5 /* TrackCell.xib in Resources */,
				0AE415B62944F8AF005534E3 /* Assets.xcassets in Resources */,
				0A67953D29460496006EC8B2 /* SearchViewController.storyboard in Resources */,
				0AE415B42944F8AD005534E3 /* Main.storyboard in Resources */,
			);
			runOnlyForDeploymentPostprocessing = 0;
		};
/* End PBXResourcesBuildPhase section */

/* Begin PBXShellScriptBuildPhase section */
		93771C0FB3474965C05CFD0A /* [CP] Check Pods Manifest.lock */ = {
			isa = PBXShellScriptBuildPhase;
			buildActionMask = 2147483647;
			files = (
			);
			inputFileListPaths = (
			);
			inputPaths = (
				"${PODS_PODFILE_DIR_PATH}/Podfile.lock",
				"${PODS_ROOT}/Manifest.lock",
			);
			name = "[CP] Check Pods Manifest.lock";
			outputFileListPaths = (
			);
			outputPaths = (
				"$(DERIVED_FILE_DIR)/Pods-MyMusic-checkManifestLockResult.txt",
			);
			runOnlyForDeploymentPostprocessing = 0;
			shellPath = /bin/sh;
			shellScript = "diff \"${PODS_PODFILE_DIR_PATH}/Podfile.lock\" \"${PODS_ROOT}/Manifest.lock\" > /dev/null\nif [ $? != 0 ] ; then\n    # print error to STDERR\n    echo \"error: The sandbox is not in sync with the Podfile.lock. Run 'pod install' or update your CocoaPods installation.\" >&2\n    exit 1\nfi\n# This output is used by Xcode 'outputs' to avoid re-running this script phase.\necho \"SUCCESS\" > \"${SCRIPT_OUTPUT_FILE_0}\"\n";
			showEnvVarsInLog = 0;
		};
		BE3BD3D32F6E59CA212F6A74 /* [CP] Embed Pods Frameworks */ = {
			isa = PBXShellScriptBuildPhase;
			buildActionMask = 2147483647;
			files = (
			);
			inputFileListPaths = (
				"${PODS_ROOT}/Target Support Files/Pods-MyMusic/Pods-MyMusic-frameworks-${CONFIGURATION}-input-files.xcfilelist",
			);
			name = "[CP] Embed Pods Frameworks";
			outputFileListPaths = (
				"${PODS_ROOT}/Target Support Files/Pods-MyMusic/Pods-MyMusic-frameworks-${CONFIGURATION}-output-files.xcfilelist",
			);
			runOnlyForDeploymentPostprocessing = 0;
			shellPath = /bin/sh;
			shellScript = "\"${PODS_ROOT}/Target Support Files/Pods-MyMusic/Pods-MyMusic-frameworks.sh\"\n";
			showEnvVarsInLog = 0;
		};
/* End PBXShellScriptBuildPhase section */

/* Begin PBXSourcesBuildPhase section */
		0AE415A52944F8AD005534E3 /* Sources */ = {
			isa = PBXSourcesBuildPhase;
			buildActionMask = 2147483647;
			files = (
				0AE415C32944F9FA005534E3 /* SearchMusicViewController.swift in Sources */,
				0AE415AD2944F8AD005534E3 /* AppDelegate.swift in Sources */,
				0ACCFEE92945BA8B000C3103 /* SearchResponse.swift in Sources */,
				0A6795352945EC0A006EC8B2 /* SearchInteractor.swift in Sources */,
				0AE415C12944F8FC005534E3 /* MainTabBarController.swift in Sources */,
				0A927276294CEE65000C1015 /* FooterView.swift in Sources */,
				0ADA9D252951629B00F70209 /* CMTime + Extension.swift in Sources */,
				0A9E7726294CDEAF00CFC0B5 /* TrackCell.swift in Sources */,
				0ADA9D27295204F000F70209 /* Nib.swift in Sources */,
				0AE415C52944FA7E005534E3 /* LibraryViewController.swift in Sources */,
				0A6795312945EC0A006EC8B2 /* SearchWorker.swift in Sources */,
				0A6795342945EC0A006EC8B2 /* SearchViewController.swift in Sources */,
				0A6795322945EC0A006EC8B2 /* SearchRouter.swift in Sources */,
				0A6795332945EC0A006EC8B2 /* SearchModels.swift in Sources */,
				0AE415AF2944F8AD005534E3 /* SceneDelegate.swift in Sources */,
				0A6795302945EC0A006EC8B2 /* SearchPresenter.swift in Sources */,
				0ACCFEEB2945E0B0000C3103 /* NetworkService.swift in Sources */,
				0ADA9D292955AA9D00F70209 /* Library.swift in Sources */,
				0A92727B294CF7D5000C1015 /* TrackDetailView.swift in Sources */,
				0A67953F2946080D006EC8B2 /* UIViewController + StoryBoard.swift in Sources */,
			);
			runOnlyForDeploymentPostprocessing = 0;
		};
/* End PBXSourcesBuildPhase section */

/* Begin PBXVariantGroup section */
		0AE415B22944F8AD005534E3 /* Main.storyboard */ = {
			isa = PBXVariantGroup;
			children = (
				0AE415B32944F8AD005534E3 /* Base */,
			);
			name = Main.storyboard;
			sourceTree = "<group>";
		};
		0AE415B72944F8AF005534E3 /* LaunchScreen.storyboard */ = {
			isa = PBXVariantGroup;
			children = (
				0AE415B82944F8AF005534E3 /* Base */,
			);
			name = LaunchScreen.storyboard;
			sourceTree = "<group>";
		};
/* End PBXVariantGroup section */

/* Begin XCBuildConfiguration section */
		0AE415BB2944F8AF005534E3 /* Debug */ = {
			isa = XCBuildConfiguration;
			buildSettings = {
				ALWAYS_SEARCH_USER_PATHS = NO;
				CLANG_ANALYZER_NONNULL = YES;
				CLANG_ANALYZER_NUMBER_OBJECT_CONVERSION = YES_AGGRESSIVE;
				CLANG_CXX_LANGUAGE_STANDARD = "gnu++20";
				CLANG_ENABLE_MODULES = YES;
				CLANG_ENABLE_OBJC_ARC = YES;
				CLANG_ENABLE_OBJC_WEAK = YES;
				CLANG_WARN_BLOCK_CAPTURE_AUTORELEASING = YES;
				CLANG_WARN_BOOL_CONVERSION = YES;
				CLANG_WARN_COMMA = YES;
				CLANG_WARN_CONSTANT_CONVERSION = YES;
				CLANG_WARN_DEPRECATED_OBJC_IMPLEMENTATIONS = YES;
				CLANG_WARN_DIRECT_OBJC_ISA_USAGE = YES_ERROR;
				CLANG_WARN_DOCUMENTATION_COMMENTS = YES;
				CLANG_WARN_EMPTY_BODY = YES;
				CLANG_WARN_ENUM_CONVERSION = YES;
				CLANG_WARN_INFINITE_RECURSION = YES;
				CLANG_WARN_INT_CONVERSION = YES;
				CLANG_WARN_NON_LITERAL_NULL_CONVERSION = YES;
				CLANG_WARN_OBJC_IMPLICIT_RETAIN_SELF = YES;
				CLANG_WARN_OBJC_LITERAL_CONVERSION = YES;
				CLANG_WARN_OBJC_ROOT_CLASS = YES_ERROR;
				CLANG_WARN_QUOTED_INCLUDE_IN_FRAMEWORK_HEADER = YES;
				CLANG_WARN_RANGE_LOOP_ANALYSIS = YES;
				CLANG_WARN_STRICT_PROTOTYPES = YES;
				CLANG_WARN_SUSPICIOUS_MOVE = YES;
				CLANG_WARN_UNGUARDED_AVAILABILITY = YES_AGGRESSIVE;
				CLANG_WARN_UNREACHABLE_CODE = YES;
				CLANG_WARN__DUPLICATE_METHOD_MATCH = YES;
				COPY_PHASE_STRIP = NO;
				DEBUG_INFORMATION_FORMAT = dwarf;
				ENABLE_STRICT_OBJC_MSGSEND = YES;
				ENABLE_TESTABILITY = YES;
				GCC_C_LANGUAGE_STANDARD = gnu11;
				GCC_DYNAMIC_NO_PIC = NO;
				GCC_NO_COMMON_BLOCKS = YES;
				GCC_OPTIMIZATION_LEVEL = 0;
				GCC_PREPROCESSOR_DEFINITIONS = (
					"DEBUG=1",
					"$(inherited)",
				);
				GCC_WARN_64_TO_32_BIT_CONVERSION = YES;
				GCC_WARN_ABOUT_RETURN_TYPE = YES_ERROR;
				GCC_WARN_UNDECLARED_SELECTOR = YES;
				GCC_WARN_UNINITIALIZED_AUTOS = YES_AGGRESSIVE;
				GCC_WARN_UNUSED_FUNCTION = YES;
				GCC_WARN_UNUSED_VARIABLE = YES;
				IPHONEOS_DEPLOYMENT_TARGET = 16.1;
				MTL_ENABLE_DEBUG_INFO = INCLUDE_SOURCE;
				MTL_FAST_MATH = YES;
				ONLY_ACTIVE_ARCH = YES;
				SDKROOT = iphoneos;
				SWIFT_ACTIVE_COMPILATION_CONDITIONS = DEBUG;
				SWIFT_OPTIMIZATION_LEVEL = "-Onone";
			};
			name = Debug;
		};
		0AE415BC2944F8AF005534E3 /* Release */ = {
			isa = XCBuildConfiguration;
			buildSettings = {
				ALWAYS_SEARCH_USER_PATHS = NO;
				CLANG_ANALYZER_NONNULL = YES;
				CLANG_ANALYZER_NUMBER_OBJECT_CONVERSION = YES_AGGRESSIVE;
				CLANG_CXX_LANGUAGE_STANDARD = "gnu++20";
				CLANG_ENABLE_MODULES = YES;
				CLANG_ENABLE_OBJC_ARC = YES;
				CLANG_ENABLE_OBJC_WEAK = YES;
				CLANG_WARN_BLOCK_CAPTURE_AUTORELEASING = YES;
				CLANG_WARN_BOOL_CONVERSION = YES;
				CLANG_WARN_COMMA = YES;
				CLANG_WARN_CONSTANT_CONVERSION = YES;
				CLANG_WARN_DEPRECATED_OBJC_IMPLEMENTATIONS = YES;
				CLANG_WARN_DIRECT_OBJC_ISA_USAGE = YES_ERROR;
				CLANG_WARN_DOCUMENTATION_COMMENTS = YES;
				CLANG_WARN_EMPTY_BODY = YES;
				CLANG_WARN_ENUM_CONVERSION = YES;
				CLANG_WARN_INFINITE_RECURSION = YES;
				CLANG_WARN_INT_CONVERSION = YES;
				CLANG_WARN_NON_LITERAL_NULL_CONVERSION = YES;
				CLANG_WARN_OBJC_IMPLICIT_RETAIN_SELF = YES;
				CLANG_WARN_OBJC_LITERAL_CONVERSION = YES;
				CLANG_WARN_OBJC_ROOT_CLASS = YES_ERROR;
				CLANG_WARN_QUOTED_INCLUDE_IN_FRAMEWORK_HEADER = YES;
				CLANG_WARN_RANGE_LOOP_ANALYSIS = YES;
				CLANG_WARN_STRICT_PROTOTYPES = YES;
				CLANG_WARN_SUSPICIOUS_MOVE = YES;
				CLANG_WARN_UNGUARDED_AVAILABILITY = YES_AGGRESSIVE;
				CLANG_WARN_UNREACHABLE_CODE = YES;
				CLANG_WARN__DUPLICATE_METHOD_MATCH = YES;
				COPY_PHASE_STRIP = NO;
				DEBUG_INFORMATION_FORMAT = "dwarf-with-dsym";
				ENABLE_NS_ASSERTIONS = NO;
				ENABLE_STRICT_OBJC_MSGSEND = YES;
				GCC_C_LANGUAGE_STANDARD = gnu11;
				GCC_NO_COMMON_BLOCKS = YES;
				GCC_WARN_64_TO_32_BIT_CONVERSION = YES;
				GCC_WARN_ABOUT_RETURN_TYPE = YES_ERROR;
				GCC_WARN_UNDECLARED_SELECTOR = YES;
				GCC_WARN_UNINITIALIZED_AUTOS = YES_AGGRESSIVE;
				GCC_WARN_UNUSED_FUNCTION = YES;
				GCC_WARN_UNUSED_VARIABLE = YES;
				IPHONEOS_DEPLOYMENT_TARGET = 16.1;
				MTL_ENABLE_DEBUG_INFO = NO;
				MTL_FAST_MATH = YES;
				SDKROOT = iphoneos;
				SWIFT_COMPILATION_MODE = wholemodule;
				SWIFT_OPTIMIZATION_LEVEL = "-O";
				VALIDATE_PRODUCT = YES;
			};
			name = Release;
		};
		0AE415BE2944F8AF005534E3 /* Debug */ = {
			isa = XCBuildConfiguration;
			baseConfigurationReference = FFD965BFD3E58E98D368006C /* Pods-MyMusic.debug.xcconfig */;
			buildSettings = {
				ASSETCATALOG_COMPILER_APPICON_NAME = AppIcon;
				ASSETCATALOG_COMPILER_GLOBAL_ACCENT_COLOR_NAME = AccentColor;
				CODE_SIGN_STYLE = Automatic;
				CURRENT_PROJECT_VERSION = 1;
				DEVELOPMENT_TEAM = S9H5A5QY2N;
				GENERATE_INFOPLIST_FILE = YES;
				INFOPLIST_FILE = MyMusic/SupportingFiles/Info.plist;
				INFOPLIST_KEY_UIApplicationSupportsIndirectInputEvents = YES;
				INFOPLIST_KEY_UILaunchStoryboardName = LaunchScreen;
				INFOPLIST_KEY_UIMainStoryboardFile = Main;
				INFOPLIST_KEY_UISupportedInterfaceOrientations_iPad = "UIInterfaceOrientationPortrait UIInterfaceOrientationPortraitUpsideDown UIInterfaceOrientationLandscapeLeft UIInterfaceOrientationLandscapeRight";
				INFOPLIST_KEY_UISupportedInterfaceOrientations_iPhone = "UIInterfaceOrientationPortrait UIInterfaceOrientationLandscapeLeft UIInterfaceOrientationLandscapeRight";
				IPHONEOS_DEPLOYMENT_TARGET = 14.0;
				LD_RUNPATH_SEARCH_PATHS = (
					"$(inherited)",
					"@executable_path/Frameworks",
				);
				MARKETING_VERSION = 1.0;
				PRODUCT_BUNDLE_IDENTIFIER = com.terentyev.va.MyMusic;
				PRODUCT_NAME = "$(TARGET_NAME)";
				SUPPORTED_PLATFORMS = "iphoneos iphonesimulator";
				SUPPORTS_MACCATALYST = NO;
				SUPPORTS_MAC_DESIGNED_FOR_IPHONE_IPAD = NO;
				SWIFT_EMIT_LOC_STRINGS = YES;
				SWIFT_VERSION = 5.0;
				TARGETED_DEVICE_FAMILY = 1;
			};
			name = Debug;
		};
		0AE415BF2944F8AF005534E3 /* Release */ = {
			isa = XCBuildConfiguration;
			baseConfigurationReference = F358FA86CFB8278C5E4A1DB9 /* Pods-MyMusic.release.xcconfig */;
			buildSettings = {
				ASSETCATALOG_COMPILER_APPICON_NAME = AppIcon;
				ASSETCATALOG_COMPILER_GLOBAL_ACCENT_COLOR_NAME = AccentColor;
				CODE_SIGN_STYLE = Automatic;
				CURRENT_PROJECT_VERSION = 1;
				DEVELOPMENT_TEAM = S9H5A5QY2N;
				GENERATE_INFOPLIST_FILE = YES;
				INFOPLIST_FILE = MyMusic/SupportingFiles/Info.plist;
				INFOPLIST_KEY_UIApplicationSupportsIndirectInputEvents = YES;
				INFOPLIST_KEY_UILaunchStoryboardName = LaunchScreen;
				INFOPLIST_KEY_UIMainStoryboardFile = Main;
				INFOPLIST_KEY_UISupportedInterfaceOrientations_iPad = "UIInterfaceOrientationPortrait UIInterfaceOrientationPortraitUpsideDown UIInterfaceOrientationLandscapeLeft UIInterfaceOrientationLandscapeRight";
				INFOPLIST_KEY_UISupportedInterfaceOrientations_iPhone = "UIInterfaceOrientationPortrait UIInterfaceOrientationLandscapeLeft UIInterfaceOrientationLandscapeRight";
				IPHONEOS_DEPLOYMENT_TARGET = 14.0;
				LD_RUNPATH_SEARCH_PATHS = (
					"$(inherited)",
					"@executable_path/Frameworks",
				);
				MARKETING_VERSION = 1.0;
				PRODUCT_BUNDLE_IDENTIFIER = com.terentyev.va.MyMusic;
				PRODUCT_NAME = "$(TARGET_NAME)";
				SUPPORTED_PLATFORMS = "iphoneos iphonesimulator";
				SUPPORTS_MACCATALYST = NO;
				SUPPORTS_MAC_DESIGNED_FOR_IPHONE_IPAD = NO;
				SWIFT_EMIT_LOC_STRINGS = YES;
				SWIFT_VERSION = 5.0;
				TARGETED_DEVICE_FAMILY = 1;
			};
			name = Release;
		};
/* End XCBuildConfiguration section */

/* Begin XCConfigurationList section */
		0AE415A42944F8AD005534E3 /* Build configuration list for PBXProject "MyMusic" */ = {
			isa = XCConfigurationList;
			buildConfigurations = (
				0AE415BB2944F8AF005534E3 /* Debug */,
				0AE415BC2944F8AF005534E3 /* Release */,
			);
			defaultConfigurationIsVisible = 0;
			defaultConfigurationName = Release;
		};
		0AE415BD2944F8AF005534E3 /* Build configuration list for PBXNativeTarget "MyMusic" */ = {
			isa = XCConfigurationList;
			buildConfigurations = (
				0AE415BE2944F8AF005534E3 /* Debug */,
				0AE415BF2944F8AF005534E3 /* Release */,
			);
			defaultConfigurationIsVisible = 0;
			defaultConfigurationName = Release;
		};
/* End XCConfigurationList section */
	};
	rootObject = 0AE415A12944F8AD005534E3 /* Project object */;
}
